{
  "name": "jsonkdiff",
  "version": "1.0.0",
  "lockfileVersion": 3,
  "requires": true,
  "packages": {
    "": {
      "name": "jsonkdiff",
      "version": "1.0.0",
      "license": "GPL-3.0-only",
      "bin": {
        "jsonkdiff": "bin/cli.js"
      },
      "engines": {
        "node": ">=20.0.0"
      }
    }
  }
}
